
Microsoft Visual Studio Solution File, Format Version 12.00
# Visual Studio Version 16
VisualStudioVersion = 16.0.29025.244
MinimumVisualStudioVersion = 10.0.40219.1
Project("{FAE04EC0-301F-11D3-BF4B-00C04F79EFBC}") = "Task", "Task\Task.csproj", "{4C4623FB-2C32-4742-8CC0-019F798C2CDD}"
EndProject
Global
	GlobalSection(SolutionConfigurationPlatforms) = preSolution
		Debug|Any CPU = Debug|Any CPU
		Release|Any CPU = Release|Any CPU
	EndGlobalSection
	GlobalSection(ProjectConfigurationPlatforms) = postSolution
		{4C4623FB-2C32-4742-8CC0-019F798C2CDD}.Debug|Any CPU.ActiveCfg = Debug|Any CPU
		{4C4623FB-2C32-4742-8CC0-019F798C2CDD}.Debug|Any CPU.Build.0 = Debug|Any CPU
		{4C4623FB-2C32-4742-8CC0-019F798C2CDD}.Release|Any CPU.ActiveCfg = Release|Any CPU
		{4C4623FB-2C32-4742-8CC0-019F798C2CDD}.Release|Any CPU.Build.0 = Release|Any CPU
	EndGlobalSection
	GlobalSection(SolutionProperties) = preSolution
		HideSolutionNode = FALSE
	EndGlobalSection
	GlobalSection(ExtensibilityGlobals) = postSolution
		SolutionGuid = {1C20A7B1-CE39-4263-91D7-131E520597B5}
	EndGlobalSection
EndGlobal
